{
  "name": "threejs-navigator-gizmo",
  "version": "0.0.2",
  "lockfileVersion": 2,
  "requires": true,
  "packages": {
    "": {
      "name": "threejs-navigator-gizmo",
      "version": "0.0.2",
      "license": "MIT",
      "devDependencies": {
        "@types/three": "^0.150.0",
        "typescript": "^5.4.5"
      },
      "peerDependencies": {
        "three": ">=0.150.0"
      }
    },
    "node_modules/@types/stats.js": {
      "version": "0.17.3",
      "resolved": "https://registry.npmjs.org/@types/stats.js/-/stats.js-0.17.3.tgz",
      "integrity": "sha512-pXNfAD3KHOdif9EQXZ9deK82HVNaXP5ZIF5RP2QG6OQFNTaY2YIetfrE9t528vEreGQvEPRDDc8muaoYeK0SxQ==",
      "dev": true
    },
    "node_modules/@types/three": {
      "version": "0.150.2",
      "resolved": "https://registry.npmjs.org/@types/three/-/three-0.150.2.tgz",
      "integrity": "sha512-cvcz/81Mmj4oiAA+uxzwaRK3t8lYw8WxejXKqIBfu6PqvwSAEEiCi3VfCiVY18UflBqL0LDX/za85+sfqjMoIw==",
      "dev": true,
      "dependencies": {
        "@types/stats.js": "*",
        "@types/webxr": "*",
        "fflate": "~0.6.9",
        "lil-gui": "~0.17.0"
      }
    },
    "node_modules/@types/webxr": {
      "version": "0.5.15",
      "resolved": "https://registry.npmjs.org/@types/webxr/-/webxr-0.5.15.tgz",
      "integrity": "sha512-nC9116Gd4N+CqTxqo6gvCfhAMAzgRcfS8ZsciNodHq8uwW4JCVKwhagw8yN0XmC7mHrLnWqniJpoVEiR+72Drw==",
      "dev": true
    },
    "node_modules/fflate": {
      "version": "0.6.10",
      "resolved": "https://registry.npmjs.org/fflate/-/fflate-0.6.10.tgz",
      "integrity": "sha512-IQrh3lEPM93wVCEczc9SaAOvkmcoQn/G8Bo1e8ZPlY3X3bnAxWaBdvTdvM1hP62iZp0BXWDy4vTAy4fF0+Dlpg==",
      "dev": true
    },
    "node_modules/lil-gui": {
      "version": "0.17.0",
      "resolved": "https://registry.npmjs.org/lil-gui/-/lil-gui-0.17.0.tgz",
      "integrity": "sha512-MVBHmgY+uEbmJNApAaPbtvNh1RCAeMnKym82SBjtp5rODTYKWtM+MXHCifLe2H2Ti1HuBGBtK/5SyG4ShQ3pUQ==",
      "dev": true
    },
    "node_modules/three": {
      "version": "0.164.1",
      "resolved": "https://registry.npmjs.org/three/-/three-0.164.1.tgz",
      "integrity": "sha512-iC/hUBbl1vzFny7f5GtqzVXYjMJKaTPxiCxXfrvVdBi1Sf+jhd1CAkitiFwC7mIBFCo3MrDLJG97yisoaWig0w==",
      "peer": true
    },
    "node_modules/typescript": {
      "version": "5.4.5",
      "resolved": "https://registry.npmjs.org/typescript/-/typescript-5.4.5.tgz",
      "integrity": "sha512-vcI4UpRgg81oIRUFwR0WSIHKt11nJ7SAVlYNIu+QpqeyXP+gpQJy/Z4+F0aGxSE4MqwjyXvW/TzgkLAx2AGHwQ==",
      "dev": true,
      "bin": {
        "tsc": "bin/tsc",
        "tsserver": "bin/tsserver"
      },
      "engines": {
        "node": ">=14.17"
      }
    }
  },
  "dependencies": {
    "@types/stats.js": {
      "version": "0.17.3",
      "resolved": "https://registry.npmjs.org/@types/stats.js/-/stats.js-0.17.3.tgz",
      "integrity": "sha512-pXNfAD3KHOdif9EQXZ9deK82HVNaXP5ZIF5RP2QG6OQFNTaY2YIetfrE9t528vEreGQvEPRDDc8muaoYeK0SxQ==",
      "dev": true
    },
    "@types/three": {
      "version": "0.150.2",
      "resolved": "https://registry.npmjs.org/@types/three/-/three-0.150.2.tgz",
      "integrity": "sha512-cvcz/81Mmj4oiAA+uxzwaRK3t8lYw8WxejXKqIBfu6PqvwSAEEiCi3VfCiVY18UflBqL0LDX/za85+sfqjMoIw==",
      "dev": true,
      "requires": {
        "@types/stats.js": "*",
        "@types/webxr": "*",
        "fflate": "~0.6.9",
        "lil-gui": "~0.17.0"
      }
    },
    "@types/webxr": {
      "version": "0.5.15",
      "resolved": "https://registry.npmjs.org/@types/webxr/-/webxr-0.5.15.tgz",
      "integrity": "sha512-nC9116Gd4N+CqTxqo6gvCfhAMAzgRcfS8ZsciNodHq8uwW4JCVKwhagw8yN0XmC7mHrLnWqniJpoVEiR+72Drw==",
      "dev": true
    },
    "fflate": {
      "version": "0.6.10",
      "resolved": "https://registry.npmjs.org/fflate/-/fflate-0.6.10.tgz",
      "integrity": "sha512-IQrh3lEPM93wVCEczc9SaAOvkmcoQn/G8Bo1e8ZPlY3X3bnAxWaBdvTdvM1hP62iZp0BXWDy4vTAy4fF0+Dlpg==",
      "dev": true
    },
    "lil-gui": {
      "version": "0.17.0",
      "resolved": "https://registry.npmjs.org/lil-gui/-/lil-gui-0.17.0.tgz",
      "integrity": "sha512-MVBHmgY+uEbmJNApAaPbtvNh1RCAeMnKym82SBjtp5rODTYKWtM+MXHCifLe2H2Ti1HuBGBtK/5SyG4ShQ3pUQ==",
      "dev": true
    },
    "three": {
      "version": "0.164.1",
      "resolved": "https://registry.npmjs.org/three/-/three-0.164.1.tgz",
      "integrity": "sha512-iC/hUBbl1vzFny7f5GtqzVXYjMJKaTPxiCxXfrvVdBi1Sf+jhd1CAkitiFwC7mIBFCo3MrDLJG97yisoaWig0w==",
      "peer": true
    },
    "typescript": {
      "version": "5.4.5",
      "resolved": "https://registry.npmjs.org/typescript/-/typescript-5.4.5.tgz",
      "integrity": "sha512-vcI4UpRgg81oIRUFwR0WSIHKt11nJ7SAVlYNIu+QpqeyXP+gpQJy/Z4+F0aGxSE4MqwjyXvW/TzgkLAx2AGHwQ==",
      "dev": true
    }
  }
}
